// !$*UTF8*$!
{
	archiveVersion = 1;
	classes = {
	};
	objectVersion = 77;
	objects = {

/* Begin PBXBuildFile section */
		6E3C2DC52D92D7E300C2EEF3 /* ColorfulX in Frameworks */ = {isa = PBXBuildFile; productRef = 6E3C2DC42D92D7E300C2EEF3 /* ColorfulX */; };
		6E587DB92DC3F62B00394872 /* SwiftOpenAI in Frameworks */ = {isa = PBXBuildFile; productRef = 6E587DB82DC3F62B00394872 /* SwiftOpenAI */; };
		6ED03BFF2D84675400C81CF9 /* Toasts in Frameworks */ = {isa = PBXBuildFile; productRef = 6ED03BFE2D84675400C81CF9 /* Toasts */; };
		6ED03C022D8467B000C81CF9 /* SwiftSoup in Frameworks */ = {isa = PBXBuildFile; productRef = 6ED03C012D8467B000C81CF9 /* SwiftSoup */; };
		6ED03C042D84684000C81CF9 /* UIKit.framework in Frameworks */ = {isa = PBXBuildFile; fileRef = 6ED03C032D84684000C81CF9 /* UIKit.framework */; };
		6ED03C082D846F2A00C81CF9 /* CoreLocation.framework in Frameworks */ = {isa = PBXBuildFile; fileRef = 6ED03C072D846F2A00C81CF9 /* CoreLocation.framework */; };
		6ED03C0A2D846F5100C81CF9 /* MapKit.framework in Frameworks */ = {isa = PBXBuildFile; fileRef = 6ED03C092D846F5100C81CF9 /* MapKit.framework */; };
		6EF1D5892F8B9535003A053C /* WidgetKit.framework in Frameworks */ = {isa = PBXBuildFile; fileRef = 6EF1D5882F8B9535003A053C /* WidgetKit.framework */; };
		6EF1D58B2F8B9535003A053C /* SwiftUI.framework in Frameworks */ = {isa = PBXBuildFile; fileRef = 6EF1D58A2F8B9535003A053C /* SwiftUI.framework */; };
		6EF1D59C2F8B9536003A053C /* OutspireWidgetExtension.appex in Embed Foundation Extensions */ = {isa = PBXBuildFile; fileRef = 6EF1D5872F8B9535003A053C /* OutspireWidgetExtension.appex */; settings = {ATTRIBUTES = (RemoveHeadersOnCopy, ); }; };
/* End PBXBuildFile section */

/* Begin PBXContainerItemProxy section */
		6ED03A622D84647400C81CF9 /* PBXContainerItemProxy */ = {
			isa = PBXContainerItemProxy;
			containerPortal = 6ED03A482D84647300C81CF9 /* Project object */;
			proxyType = 1;
			remoteGlobalIDString = 6ED03A4F2D84647300C81CF9;
			remoteInfo = Outspire;
		};
		6ED03A6C2D84647400C81CF9 /* PBXContainerItemProxy */ = {
			isa = PBXContainerItemProxy;
			containerPortal = 6ED03A482D84647300C81CF9 /* Project object */;
			proxyType = 1;
			remoteGlobalIDString = 6ED03A4F2D84647300C81CF9;
			remoteInfo = Outspire;
		};
		6EF1D59A2F8B9536003A053C /* PBXContainerItemProxy */ = {
			isa = PBXContainerItemProxy;
			containerPortal = 6ED03A482D84647300C81CF9 /* Project object */;
			proxyType = 1;
			remoteGlobalIDString = 6EF1D5862F8B9535003A053C;
			remoteInfo = OutspireWidgetExtension;
		};
/* End PBXContainerItemProxy section */

/* Begin PBXCopyFilesBuildPhase section */
		6EF1D59D2F8B9536003A053C /* Embed Foundation Extensions */ = {
			isa = PBXCopyFilesBuildPhase;
			buildActionMask = 2147483647;
			dstPath = "";
			dstSubfolderSpec = 13;
			files = (
				6EF1D59C2F8B9536003A053C /* OutspireWidgetExtension.appex in Embed Foundation Extensions */,
			);
			name = "Embed Foundation Extensions";
			runOnlyForDeploymentPostprocessing = 0;
		};
/* End PBXCopyFilesBuildPhase section */

/* Begin PBXFileReference section */
		6ED03A502D84647300C81CF9 /* Outspire.app */ = {isa = PBXFileReference; explicitFileType = wrapper.application; includeInIndex = 0; path = Outspire.app; sourceTree = BUILT_PRODUCTS_DIR; };
		6ED03A612D84647400C81CF9 /* OutspireTests.xctest */ = {isa = PBXFileReference; explicitFileType = wrapper.cfbundle; includeInIndex = 0; path = OutspireTests.xctest; sourceTree = BUILT_PRODUCTS_DIR; };
		6ED03A6B2D84647400C81CF9 /* OutspireUITests.xctest */ = {isa = PBXFileReference; explicitFileType = wrapper.cfbundle; includeInIndex = 0; path = OutspireUITests.xctest; sourceTree = BUILT_PRODUCTS_DIR; };
		6ED03BFB2D84662600C81CF9 /* UIKit.framework */ = {isa = PBXFileReference; lastKnownFileType = wrapper.framework; name = UIKit.framework; path = Platforms/iPhoneOS.platform/Developer/SDKs/iPhoneOS18.2.sdk/System/Library/Frameworks/UIKit.framework; sourceTree = DEVELOPER_DIR; };
		6ED03C032D84684000C81CF9 /* UIKit.framework */ = {isa = PBXFileReference; lastKnownFileType = wrapper.framework; name = UIKit.framework; path = System/iOSSupport/System/Library/Frameworks/UIKit.framework; sourceTree = SDKROOT; };
		6ED03C072D846F2A00C81CF9 /* CoreLocation.framework */ = {isa = PBXFileReference; lastKnownFileType = wrapper.framework; name = CoreLocation.framework; path = Platforms/iPhoneOS.platform/Developer/SDKs/iPhoneOS18.2.sdk/System/Library/Frameworks/CoreLocation.framework; sourceTree = DEVELOPER_DIR; };
		6ED03C092D846F5100C81CF9 /* MapKit.framework */ = {isa = PBXFileReference; lastKnownFileType = wrapper.framework; name = MapKit.framework; path = Platforms/iPhoneOS.platform/Developer/SDKs/iPhoneOS18.2.sdk/System/Library/Frameworks/MapKit.framework; sourceTree = DEVELOPER_DIR; };
		6EF1D5872F8B9535003A053C /* OutspireWidgetExtension.appex */ = {isa = PBXFileReference; explicitFileType = "wrapper.app-extension"; includeInIndex = 0; path = OutspireWidgetExtension.appex; sourceTree = BUILT_PRODUCTS_DIR; };
		6EF1D5882F8B9535003A053C /* WidgetKit.framework */ = {isa = PBXFileReference; lastKnownFileType = wrapper.framework; name = WidgetKit.framework; path = System/Library/Frameworks/WidgetKit.framework; sourceTree = SDKROOT; };
		6EF1D58A2F8B9535003A053C /* SwiftUI.framework */ = {isa = PBXFileReference; lastKnownFileType = wrapper.framework; name = SwiftUI.framework; path = System/Library/Frameworks/SwiftUI.framework; sourceTree = SDKROOT; };
		6EF1D5A22F8B955C003A053C /* OutspireWidgetExtension.entitlements */ = {isa = PBXFileReference; lastKnownFileType = text.plist.entitlements; name = OutspireWidgetExtension.entitlements; path = OutspireWidget/OutspireWidgetExtension.entitlements; sourceTree = SOURCE_ROOT; };
/* End PBXFileReference section */

/* Begin PBXFileSystemSynchronizedBuildFileExceptionSet section */
		6ED03C062D8469A900C81CF9 /* Exceptions for "Outspire" folder in "Outspire" target */ = {
			isa = PBXFileSystemSynchronizedBuildFileExceptionSet;
			membershipExceptions = (
				Info.plist,
			);
			target = 6ED03A4F2D84647300C81CF9 /* Outspire */;
		};
		6EF1D5A12F8B9536003A053C /* Exceptions for "OutspireWidget" folder in "OutspireWidgetExtension" target */ = {
			isa = PBXFileSystemSynchronizedBuildFileExceptionSet;
			membershipExceptions = (
				Info.plist,
			);
			target = 6EF1D5862F8B9535003A053C /* OutspireWidgetExtension */;
		};
/* End PBXFileSystemSynchronizedBuildFileExceptionSet section */

/* Begin PBXFileSystemSynchronizedRootGroup section */
		6ED03A522D84647300C81CF9 /* Outspire */ = {
			isa = PBXFileSystemSynchronizedRootGroup;
			exceptions = (
				6ED03C062D8469A900C81CF9 /* Exceptions for "Outspire" folder in "Outspire" target */,
			);
			path = Outspire;
			sourceTree = "<group>";
		};
		6ED03A642D84647400C81CF9 /* OutspireTests */ = {
			isa = PBXFileSystemSynchronizedRootGroup;
			path = OutspireTests;
			sourceTree = "<group>";
		};
		6ED03A6E2D84647400C81CF9 /* OutspireUITests */ = {
			isa = PBXFileSystemSynchronizedRootGroup;
			path = OutspireUITests;
			sourceTree = "<group>";
		};
		6EF1D58C2F8B9535003A053C /* OutspireWidget */ = {
			isa = PBXFileSystemSynchronizedRootGroup;
			exceptions = (
				6EF1D5A12F8B9536003A053C /* Exceptions for "OutspireWidget" folder in "OutspireWidgetExtension" target */,
			);
			path = OutspireWidget;
			sourceTree = "<group>";
		};
/* End PBXFileSystemSynchronizedRootGroup section */

/* Begin PBXFrameworksBuildPhase section */
		6ED03A4D2D84647300C81CF9 /* Frameworks */ = {
			isa = PBXFrameworksBuildPhase;
			buildActionMask = 2147483647;
			files = (
				6E3C2DC52D92D7E300C2EEF3 /* ColorfulX in Frameworks */,
				6ED03C082D846F2A00C81CF9 /* CoreLocation.framework in Frameworks */,
				6ED03BFF2D84675400C81CF9 /* Toasts in Frameworks */,
				6E587DB92DC3F62B00394872 /* SwiftOpenAI in Frameworks */,
				6ED03C0A2D846F5100C81CF9 /* MapKit.framework in Frameworks */,
				6ED03C042D84684000C81CF9 /* UIKit.framework in Frameworks */,
				6ED03C022D8467B000C81CF9 /* SwiftSoup in Frameworks */,
			);
			runOnlyForDeploymentPostprocessing = 0;
		};
		6ED03A5E2D84647400C81CF9 /* Frameworks */ = {
			isa = PBXFrameworksBuildPhase;
			buildActionMask = 2147483647;
			files = (
			);
			runOnlyForDeploymentPostprocessing = 0;
		};
		6ED03A682D84647400C81CF9 /* Frameworks */ = {
			isa = PBXFrameworksBuildPhase;
			buildActionMask = 2147483647;
			files = (
			);
			runOnlyForDeploymentPostprocessing = 0;
		};
		6EF1D5842F8B9535003A053C /* Frameworks */ = {
			isa = PBXFrameworksBuildPhase;
			buildActionMask = 2147483647;
			files = (
				6EF1D58B2F8B9535003A053C /* SwiftUI.framework in Frameworks */,
				6EF1D5892F8B9535003A053C /* WidgetKit.framework in Frameworks */,
			);
			runOnlyForDeploymentPostprocessing = 0;
		};
/* End PBXFrameworksBuildPhase section */

/* Begin PBXGroup section */
		6ED03A472D84647300C81CF9 = {
			isa = PBXGroup;
			children = (
				6ED03A522D84647300C81CF9 /* Outspire */,
				6ED03A642D84647400C81CF9 /* OutspireTests */,
				6ED03A6E2D84647400C81CF9 /* OutspireUITests */,
				6EF1D58C2F8B9535003A053C /* OutspireWidget */,
				6ED03BFA2D84662600C81CF9 /* Frameworks */,
				6ED03A512D84647300C81CF9 /* Products */,
			);
			sourceTree = "<group>";
		};
		6ED03A512D84647300C81CF9 /* Products */ = {
			isa = PBXGroup;
			children = (
				6ED03A502D84647300C81CF9 /* Outspire.app */,
				6ED03A612D84647400C81CF9 /* OutspireTests.xctest */,
				6ED03A6B2D84647400C81CF9 /* OutspireUITests.xctest */,
				6EF1D5872F8B9535003A053C /* OutspireWidgetExtension.appex */,
			);
			name = Products;
			sourceTree = "<group>";
		};
		6ED03BFA2D84662600C81CF9 /* Frameworks */ = {
			isa = PBXGroup;
			children = (
				6ED03C092D846F5100C81CF9 /* MapKit.framework */,
				6ED03C072D846F2A00C81CF9 /* CoreLocation.framework */,
				6ED03C032D84684000C81CF9 /* UIKit.framework */,
				6ED03BFB2D84662600C81CF9 /* UIKit.framework */,
				6EF1D5882F8B9535003A053C /* WidgetKit.framework */,
				6EF1D58A2F8B9535003A053C /* SwiftUI.framework */,
			);
			name = Frameworks;
			sourceTree = "<group>";
		};
/* End PBXGroup section */

/* Begin PBXNativeTarget section */
		6ED03A4F2D84647300C81CF9 /* Outspire */ = {
			isa = PBXNativeTarget;
			buildConfigurationList = 6ED03A752D84647400C81CF9 /* Build configuration list for PBXNativeTarget "Outspire" */;
			buildPhases = (
				6ED03A4C2D84647300C81CF9 /* Sources */,
				6ED03A4D2D84647300C81CF9 /* Frameworks */,
				6ED03A4E2D84647300C81CF9 /* Resources */,
				6EF1D59D2F8B9536003A053C /* Embed Foundation Extensions */,
			);
			buildRules = (
			);
			dependencies = (
				6EF1D59B2F8B9536003A053C /* PBXTargetDependency */,
			);
			fileSystemSynchronizedGroups = (
				6ED03A522D84647300C81CF9 /* Outspire */,
			);
			name = Outspire;
			packageProductDependencies = (
				6ED03BFE2D84675400C81CF9 /* Toasts */,
				6ED03C012D8467B000C81CF9 /* SwiftSoup */,
				6E3C2DC42D92D7E300C2EEF3 /* ColorfulX */,
				6E587DB82DC3F62B00394872 /* SwiftOpenAI */,
			);
			productName = Outspire;
			productReference = 6ED03A502D84647300C81CF9 /* Outspire.app */;
			productType = "com.apple.product-type.application";
		};
		6ED03A602D84647400C81CF9 /* OutspireTests */ = {
			isa = PBXNativeTarget;
			buildConfigurationList = 6ED03A782D84647400C81CF9 /* Build configuration list for PBXNativeTarget "OutspireTests" */;
			buildPhases = (
				6ED03A5D2D84647400C81CF9 /* Sources */,
				6ED03A5E2D84647400C81CF9 /* Frameworks */,
				6ED03A5F2D84647400C81CF9 /* Resources */,
			);
			buildRules = (
			);
			dependencies = (
				6ED03A632D84647400C81CF9 /* PBXTargetDependency */,
			);
			fileSystemSynchronizedGroups = (
				6ED03A642D84647400C81CF9 /* OutspireTests */,
			);
			name = OutspireTests;
			packageProductDependencies = (
			);
			productName = OutspireTests;
			productReference = 6ED03A612D84647400C81CF9 /* OutspireTests.xctest */;
			productType = "com.apple.product-type.bundle.unit-test";
		};
		6ED03A6A2D84647400C81CF9 /* OutspireUITests */ = {
			isa = PBXNativeTarget;
			buildConfigurationList = 6ED03A7B2D84647400C81CF9 /* Build configuration list for PBXNativeTarget "OutspireUITests" */;
			buildPhases = (
				6ED03A672D84647400C81CF9 /* Sources */,
				6ED03A682D84647400C81CF9 /* Frameworks */,
				6ED03A692D84647400C81CF9 /* Resources */,
			);
			buildRules = (
			);
			dependencies = (
				6ED03A6D2D84647400C81CF9 /* PBXTargetDependency */,
			);
			fileSystemSynchronizedGroups = (
				6ED03A6E2D84647400C81CF9 /* OutspireUITests */,
			);
			name = OutspireUITests;
			packageProductDependencies = (
			);
			productName = OutspireUITests;
			productReference = 6ED03A6B2D84647400C81CF9 /* OutspireUITests.xctest */;
			productType = "com.apple.product-type.bundle.ui-testing";
		};
		6EF1D5862F8B9535003A053C /* OutspireWidgetExtension */ = {
			isa = PBXNativeTarget;
			buildConfigurationList = 6EF1D5A02F8B9536003A053C /* Build configuration list for PBXNativeTarget "OutspireWidgetExtension" */;
			buildPhases = (
				6EF1D5832F8B9535003A053C /* Sources */,
				6EF1D5842F8B9535003A053C /* Frameworks */,
				6EF1D5852F8B9535003A053C /* Resources */,
			);
			buildRules = (
			);
			dependencies = (
			);
			fileSystemSynchronizedGroups = (
				6EF1D58C2F8B9535003A053C /* OutspireWidget */,
			);
			name = OutspireWidgetExtension;
			packageProductDependencies = (
			);
			productName = OutspireWidgetExtension;
			productReference = 6EF1D5872F8B9535003A053C /* OutspireWidgetExtension.appex */;
			productType = "com.apple.product-type.app-extension";
		};
/* End PBXNativeTarget section */

/* Begin PBXProject section */
		6ED03A482D84647300C81CF9 /* Project object */ = {
			isa = PBXProject;
			attributes = {
				BuildIndependentTargetsInParallel = 1;
				LastSwiftUpdateCheck = 2640;
				LastUpgradeCheck = 2620;
				TargetAttributes = {
					6ED03A4F2D84647300C81CF9 = {
						CreatedOnToolsVersion = 16.2;
					};
					6ED03A602D84647400C81CF9 = {
						CreatedOnToolsVersion = 16.2;
						TestTargetID = 6ED03A4F2D84647300C81CF9;
					};
					6ED03A6A2D84647400C81CF9 = {
						CreatedOnToolsVersion = 16.2;
						TestTargetID = 6ED03A4F2D84647300C81CF9;
					};
					6EF1D5862F8B9535003A053C = {
						CreatedOnToolsVersion = 26.4;
					};
				};
			};
			buildConfigurationList = 6ED03A4B2D84647300C81CF9 /* Build configuration list for PBXProject "Outspire" */;
			developmentRegion = en;
			hasScannedForEncodings = 0;
			knownRegions = (
				en,
				Base,
			);
			mainGroup = 6ED03A472D84647300C81CF9;
			minimizedProjectReferenceProxies = 1;
			packageReferences = (
				6ED03BFD2D84675400C81CF9 /* XCRemoteSwiftPackageReference "swiftui-toasts" */,
				6ED03C002D8467B000C81CF9 /* XCRemoteSwiftPackageReference "SwiftSoup" */,
				6E3C2DC32D92D7E300C2EEF3 /* XCRemoteSwiftPackageReference "ColorfulX" */,
				6E587DB72DC3F62B00394872 /* XCRemoteSwiftPackageReference "SwiftOpenAI" */,
			);
			preferredProjectObjectVersion = 77;
			productRefGroup = 6ED03A512D84647300C81CF9 /* Products */;
			projectDirPath = "";
			projectRoot = "";
			targets = (
				6ED03A4F2D84647300C81CF9 /* Outspire */,
				6ED03A602D84647400C81CF9 /* OutspireTests */,
				6ED03A6A2D84647400C81CF9 /* OutspireUITests */,
				6EF1D5862F8B9535003A053C /* OutspireWidgetExtension */,
			);
		};
/* End PBXProject section */

/* Begin PBXResourcesBuildPhase section */
		6ED03A4E2D84647300C81CF9 /* Resources */ = {
			isa = PBXResourcesBuildPhase;
			buildActionMask = 2147483647;
			files = (
			);
			runOnlyForDeploymentPostprocessing = 0;
		};
		6ED03A5F2D84647400C81CF9 /* Resources */ = {
			isa = PBXResourcesBuildPhase;
			buildActionMask = 2147483647;
			files = (
			);
			runOnlyForDeploymentPostprocessing = 0;
		};
		6ED03A692D84647400C81CF9 /* Resources */ = {
			isa = PBXResourcesBuildPhase;
			buildActionMask = 2147483647;
			files = (
			);
			runOnlyForDeploymentPostprocessing = 0;
		};
		6EF1D5852F8B9535003A053C /* Resources */ = {
			isa = PBXResourcesBuildPhase;
			buildActionMask = 2147483647;
			files = (
			);
			runOnlyForDeploymentPostprocessing = 0;
		};
/* End PBXResourcesBuildPhase section */

/* Begin PBXSourcesBuildPhase section */
		6ED03A4C2D84647300C81CF9 /* Sources */ = {
			isa = PBXSourcesBuildPhase;
			buildActionMask = 2147483647;
			files = (
			);
			runOnlyForDeploymentPostprocessing = 0;
		};
		6ED03A5D2D84647400C81CF9 /* Sources */ = {
			isa = PBXSourcesBuildPhase;
			buildActionMask = 2147483647;
			files = (
			);
			runOnlyForDeploymentPostprocessing = 0;
		};
		6ED03A672D84647400C81CF9 /* Sources */ = {
			isa = PBXSourcesBuildPhase;
			buildActionMask = 2147483647;
			files = (
			);
			runOnlyForDeploymentPostprocessing = 0;
		};
		6EF1D5832F8B9535003A053C /* Sources */ = {
			isa = PBXSourcesBuildPhase;
			buildActionMask = 2147483647;
			files = (
			);
			runOnlyForDeploymentPostprocessing = 0;
		};
/* End PBXSourcesBuildPhase section */

/* Begin PBXTargetDependency section */
		6ED03A632D84647400C81CF9 /* PBXTargetDependency */ = {
			isa = PBXTargetDependency;
			target = 6ED03A4F2D84647300C81CF9 /* Outspire */;
			targetProxy = 6ED03A622D84647400C81CF9 /* PBXContainerItemProxy */;
		};
		6ED03A6D2D84647400C81CF9 /* PBXTargetDependency */ = {
			isa = PBXTargetDependency;
			target = 6ED03A4F2D84647300C81CF9 /* Outspire */;
			targetProxy = 6ED03A6C2D84647400C81CF9 /* PBXContainerItemProxy */;
		};
		6EF1D59B2F8B9536003A053C /* PBXTargetDependency */ = {
			isa = PBXTargetDependency;
			target = 6EF1D5862F8B9535003A053C /* OutspireWidgetExtension */;
			targetProxy = 6EF1D59A2F8B9536003A053C /* PBXContainerItemProxy */;
		};
/* End PBXTargetDependency section */

/* Begin XCBuildConfiguration section */
		6ED03A732D84647400C81CF9 /* Debug */ = {
			isa = XCBuildConfiguration;
			buildSettings = {
				ALWAYS_SEARCH_USER_PATHS = NO;
				ASSETCATALOG_COMPILER_GENERATE_SWIFT_ASSET_SYMBOL_EXTENSIONS = YES;
				CLANG_ANALYZER_NONNULL = YES;
				CLANG_ANALYZER_NUMBER_OBJECT_CONVERSION = YES_AGGRESSIVE;
				CLANG_CXX_LANGUAGE_STANDARD = "gnu++20";
				CLANG_ENABLE_MODULES = YES;
				CLANG_ENABLE_OBJC_ARC = YES;
				CLANG_ENABLE_OBJC_WEAK = YES;
				CLANG_WARN_BLOCK_CAPTURE_AUTORELEASING = YES;
				CLANG_WARN_BOOL_CONVERSION = YES;
				CLANG_WARN_COMMA = YES;
				CLANG_WARN_CONSTANT_CONVERSION = YES;
				CLANG_WARN_DEPRECATED_OBJC_IMPLEMENTATIONS = YES;
				CLANG_WARN_DIRECT_OBJC_ISA_USAGE = YES_ERROR;
				CLANG_WARN_DOCUMENTATION_COMMENTS = YES;
				CLANG_WARN_EMPTY_BODY = YES;
				CLANG_WARN_ENUM_CONVERSION = YES;
				CLANG_WARN_INFINITE_RECURSION = YES;
				CLANG_WARN_INT_CONVERSION = YES;
				CLANG_WARN_NON_LITERAL_NULL_CONVERSION = YES;
				CLANG_WARN_OBJC_IMPLICIT_RETAIN_SELF = YES;
				CLANG_WARN_OBJC_LITERAL_CONVERSION = YES;
				CLANG_WARN_OBJC_ROOT_CLASS = YES_ERROR;
				CLANG_WARN_QUOTED_INCLUDE_IN_FRAMEWORK_HEADER = YES;
				CLANG_WARN_RANGE_LOOP_ANALYSIS = YES;
				CLANG_WARN_STRICT_PROTOTYPES = YES;
				CLANG_WARN_SUSPICIOUS_MOVE = YES;
				CLANG_WARN_UNGUARDED_AVAILABILITY = YES_AGGRESSIVE;
				CLANG_WARN_UNREACHABLE_CODE = YES;
				CLANG_WARN__DUPLICATE_METHOD_MATCH = YES;
				COPY_PHASE_STRIP = NO;
				DEAD_CODE_STRIPPING = YES;
				DEBUG_INFORMATION_FORMAT = dwarf;
				DEVELOPMENT_TEAM = T2KTTT65L2;
				ENABLE_STRICT_OBJC_MSGSEND = YES;
				ENABLE_TESTABILITY = YES;
				ENABLE_USER_SCRIPT_SANDBOXING = YES;
				GCC_C_LANGUAGE_STANDARD = gnu17;
				GCC_DYNAMIC_NO_PIC = NO;
				GCC_NO_COMMON_BLOCKS = YES;
				GCC_OPTIMIZATION_LEVEL = 0;
				GCC_PREPROCESSOR_DEFINITIONS = (
					"DEBUG=1",
					"$(inherited)",
				);
				GCC_WARN_64_TO_32_BIT_CONVERSION = YES;
				GCC_WARN_ABOUT_RETURN_TYPE = YES_ERROR;
				GCC_WARN_UNDECLARED_SELECTOR = YES;
				GCC_WARN_UNINITIALIZED_AUTOS = YES_AGGRESSIVE;
				GCC_WARN_UNUSED_FUNCTION = YES;
				GCC_WARN_UNUSED_VARIABLE = YES;
				LOCALIZATION_PREFERS_STRING_CATALOGS = YES;
				MTL_ENABLE_DEBUG_INFO = INCLUDE_SOURCE;
				MTL_FAST_MATH = YES;
				ONLY_ACTIVE_ARCH = YES;
				STRING_CATALOG_GENERATE_SYMBOLS = YES;
				SWIFT_ACTIVE_COMPILATION_CONDITIONS = "DEBUG $(inherited)";
				SWIFT_OPTIMIZATION_LEVEL = "-Onone";
			};
			name = Debug;
		};
		6ED03A742D84647400C81CF9 /* Release */ = {
			isa = XCBuildConfiguration;
			buildSettings = {
				ALWAYS_SEARCH_USER_PATHS = NO;
				ASSETCATALOG_COMPILER_GENERATE_SWIFT_ASSET_SYMBOL_EXTENSIONS = YES;
				CLANG_ANALYZER_NONNULL = YES;
				CLANG_ANALYZER_NUMBER_OBJECT_CONVERSION = YES_AGGRESSIVE;
				CLANG_CXX_LANGUAGE_STANDARD = "gnu++20";
				CLANG_ENABLE_MODULES = YES;
				CLANG_ENABLE_OBJC_ARC = YES;
				CLANG_ENABLE_OBJC_WEAK = YES;
				CLANG_WARN_BLOCK_CAPTURE_AUTORELEASING = YES;
				CLANG_WARN_BOOL_CONVERSION = YES;
				CLANG_WARN_COMMA = YES;
				CLANG_WARN_CONSTANT_CONVERSION = YES;
				CLANG_WARN_DEPRECATED_OBJC_IMPLEMENTATIONS = YES;
				CLANG_WARN_DIRECT_OBJC_ISA_USAGE = YES_ERROR;
				CLANG_WARN_DOCUMENTATION_COMMENTS = YES;
				CLANG_WARN_EMPTY_BODY = YES;
				CLANG_WARN_ENUM_CONVERSION = YES;
				CLANG_WARN_INFINITE_RECURSION = YES;
				CLANG_WARN_INT_CONVERSION = YES;
				CLANG_WARN_NON_LITERAL_NULL_CONVERSION = YES;
				CLANG_WARN_OBJC_IMPLICIT_RETAIN_SELF = YES;
				CLANG_WARN_OBJC_LITERAL_CONVERSION = YES;
				CLANG_WARN_OBJC_ROOT_CLASS = YES_ERROR;
				CLANG_WARN_QUOTED_INCLUDE_IN_FRAMEWORK_HEADER = YES;
				CLANG_WARN_RANGE_LOOP_ANALYSIS = YES;
				CLANG_WARN_STRICT_PROTOTYPES = YES;
				CLANG_WARN_SUSPICIOUS_MOVE = YES;
				CLANG_WARN_UNGUARDED_AVAILABILITY = YES_AGGRESSIVE;
				CLANG_WARN_UNREACHABLE_CODE = YES;
				CLANG_WARN__DUPLICATE_METHOD_MATCH = YES;
				COPY_PHASE_STRIP = NO;
				DEAD_CODE_STRIPPING = YES;
				DEBUG_INFORMATION_FORMAT = "dwarf-with-dsym";
				DEVELOPMENT_TEAM = T2KTTT65L2;
				ENABLE_NS_ASSERTIONS = NO;
				ENABLE_STRICT_OBJC_MSGSEND = YES;
				ENABLE_USER_SCRIPT_SANDBOXING = YES;
				GCC_C_LANGUAGE_STANDARD = gnu17;
				GCC_NO_COMMON_BLOCKS = YES;
				GCC_WARN_64_TO_32_BIT_CONVERSION = YES;
				GCC_WARN_ABOUT_RETURN_TYPE = YES_ERROR;
				GCC_WARN_UNDECLARED_SELECTOR = YES;
				GCC_WARN_UNINITIALIZED_AUTOS = YES_AGGRESSIVE;
				GCC_WARN_UNUSED_FUNCTION = YES;
				GCC_WARN_UNUSED_VARIABLE = YES;
				LOCALIZATION_PREFERS_STRING_CATALOGS = YES;
				MTL_ENABLE_DEBUG_INFO = NO;
				MTL_FAST_MATH = YES;
				STRING_CATALOG_GENERATE_SYMBOLS = YES;
				SWIFT_COMPILATION_MODE = wholemodule;
			};
			name = Release;
		};
		6ED03A762D84647400C81CF9 /* Debug */ = {
			isa = XCBuildConfiguration;
			buildSettings = {
				ASSETCATALOG_COMPILER_APPICON_NAME = AppIconv2;
				ASSETCATALOG_COMPILER_GLOBAL_ACCENT_COLOR_NAME = AccentColor;
				AUTOMATION_APPLE_EVENTS = NO;
				CODE_SIGN_ENTITLEMENTS = Outspire/Outspire.entitlements;
				"CODE_SIGN_IDENTITY[sdk=macosx*]" = "Apple Development";
				CODE_SIGN_STYLE = Automatic;
				CURRENT_PROJECT_VERSION = 70;
				DEAD_CODE_STRIPPING = YES;
				DEVELOPMENT_ASSET_PATHS = "\"Outspire/Preview Content\"";
				DEVELOPMENT_TEAM = SEWGNELGY8;
				ENABLE_APP_SANDBOX = YES;
				ENABLE_HARDENED_RUNTIME = YES;
				ENABLE_INCOMING_NETWORK_CONNECTIONS = YES;
				ENABLE_OUTGOING_NETWORK_CONNECTIONS = YES;
				ENABLE_PREVIEWS = YES;
				ENABLE_RESOURCE_ACCESS_AUDIO_INPUT = NO;
				ENABLE_RESOURCE_ACCESS_CALENDARS = NO;
				ENABLE_RESOURCE_ACCESS_CAMERA = NO;
				ENABLE_RESOURCE_ACCESS_CONTACTS = NO;
				ENABLE_RESOURCE_ACCESS_LOCATION = NO;
				ENABLE_RESOURCE_ACCESS_PHOTO_LIBRARY = NO;
				ENABLE_USER_SELECTED_FILES = readonly;
				FRAMEWORK_SEARCH_PATHS = (
					"$(inherited)",
					"$(SDKROOT)/System/iOSSupport/System/Library/Frameworks",
				);
				GENERATE_INFOPLIST_FILE = YES;
				INFOPLIST_FILE = Outspire/Info.plist;
				INFOPLIST_KEY_CFBundleDisplayName = Outspire;
				INFOPLIST_KEY_ITSAppUsesNonExemptEncryption = NO;
				INFOPLIST_KEY_LSApplicationCategoryType = "public.app-category.education";
				INFOPLIST_KEY_NSFaceIDUsageDescription = "Required to protect sensitive content, including academic grades, etc.";
				"INFOPLIST_KEY_UIApplicationSceneManifest_Generation[sdk=iphoneos*]" = YES;
				"INFOPLIST_KEY_UIApplicationSceneManifest_Generation[sdk=iphonesimulator*]" = YES;
				"INFOPLIST_KEY_UIApplicationSupportsIndirectInputEvents[sdk=iphoneos*]" = YES;
				"INFOPLIST_KEY_UIApplicationSupportsIndirectInputEvents[sdk=iphonesimulator*]" = YES;
				"INFOPLIST_KEY_UILaunchScreen_Generation[sdk=iphoneos*]" = YES;
				"INFOPLIST_KEY_UILaunchScreen_Generation[sdk=iphonesimulator*]" = YES;
				"INFOPLIST_KEY_UIStatusBarStyle[sdk=iphoneos*]" = UIStatusBarStyleDefault;
				"INFOPLIST_KEY_UIStatusBarStyle[sdk=iphonesimulator*]" = UIStatusBarStyleDefault;
				INFOPLIST_KEY_UISupportedInterfaceOrientations_iPad = "UIInterfaceOrientationPortrait UIInterfaceOrientationPortraitUpsideDown UIInterfaceOrientationLandscapeLeft UIInterfaceOrientationLandscapeRight";
				INFOPLIST_KEY_UISupportedInterfaceOrientations_iPhone = "UIInterfaceOrientationPortrait UIInterfaceOrientationLandscapeLeft UIInterfaceOrientationLandscapeRight";
				IPHONEOS_DEPLOYMENT_TARGET = 17.0;
				LD_RUNPATH_SEARCH_PATHS = "@executable_path/Frameworks";
				"LD_RUNPATH_SEARCH_PATHS[sdk=macosx*]" = "@executable_path/../Frameworks";
				MACOSX_DEPLOYMENT_TARGET = 14.0;
				MARKETING_VERSION = 1.1.0;
				PRODUCT_BUNDLE_IDENTIFIER = dev.wrye.Outspire;
				PRODUCT_NAME = "$(TARGET_NAME)";
				REGISTER_APP_GROUPS = YES;
				RUNTIME_EXCEPTION_ALLOW_DYLD_ENVIRONMENT_VARIABLES = NO;
				RUNTIME_EXCEPTION_ALLOW_JIT = NO;
				RUNTIME_EXCEPTION_ALLOW_UNSIGNED_EXECUTABLE_MEMORY = NO;
				RUNTIME_EXCEPTION_DEBUGGING_TOOL = NO;
				RUNTIME_EXCEPTION_DISABLE_EXECUTABLE_PAGE_PROTECTION = NO;
				RUNTIME_EXCEPTION_DISABLE_LIBRARY_VALIDATION = NO;
				SDKROOT = auto;
				SUPPORTED_PLATFORMS = "iphoneos iphonesimulator";
				SUPPORTS_MACCATALYST = YES;
				SUPPORTS_MAC_DESIGNED_FOR_IPHONE_IPAD = NO;
				SUPPORTS_XR_DESIGNED_FOR_IPHONE_IPAD = YES;
				SWIFT_EMIT_LOC_STRINGS = YES;
				SWIFT_VERSION = 5.0;
				TARGETED_DEVICE_FAMILY = "1,2,6";
				XROS_DEPLOYMENT_TARGET = 2.2;
			};
			name = Debug;
		};
		6ED03A772D84647400C81CF9 /* Release */ = {
			isa = XCBuildConfiguration;
			buildSettings = {
				ASSETCATALOG_COMPILER_APPICON_NAME = AppIconv2;
				ASSETCATALOG_COMPILER_GLOBAL_ACCENT_COLOR_NAME = AccentColor;
				AUTOMATION_APPLE_EVENTS = NO;
				CODE_SIGN_ENTITLEMENTS = Outspire/Outspire.entitlements;
				"CODE_SIGN_IDENTITY[sdk=macosx*]" = "Apple Development";
				CODE_SIGN_STYLE = Automatic;
				CURRENT_PROJECT_VERSION = 70;
				DEAD_CODE_STRIPPING = YES;
				DEVELOPMENT_ASSET_PATHS = "\"Outspire/Preview Content\"";
				DEVELOPMENT_TEAM = SEWGNELGY8;
				ENABLE_APP_SANDBOX = YES;
				ENABLE_HARDENED_RUNTIME = YES;
				ENABLE_INCOMING_NETWORK_CONNECTIONS = YES;
				ENABLE_OUTGOING_NETWORK_CONNECTIONS = YES;
				ENABLE_PREVIEWS = YES;
				ENABLE_RESOURCE_ACCESS_AUDIO_INPUT = NO;
				ENABLE_RESOURCE_ACCESS_CALENDARS = NO;
				ENABLE_RESOURCE_ACCESS_CAMERA = NO;
				ENABLE_RESOURCE_ACCESS_CONTACTS = NO;
				ENABLE_RESOURCE_ACCESS_LOCATION = NO;
				ENABLE_RESOURCE_ACCESS_PHOTO_LIBRARY = NO;
				ENABLE_USER_SELECTED_FILES = readonly;
				FRAMEWORK_SEARCH_PATHS = (
					"$(inherited)",
					"$(SDKROOT)/System/iOSSupport/System/Library/Frameworks",
				);
				GENERATE_INFOPLIST_FILE = YES;
				INFOPLIST_FILE = Outspire/Info.plist;
				INFOPLIST_KEY_CFBundleDisplayName = Outspire;
				INFOPLIST_KEY_ITSAppUsesNonExemptEncryption = NO;
				INFOPLIST_KEY_LSApplicationCategoryType = "public.app-category.education";
				INFOPLIST_KEY_NSFaceIDUsageDescription = "Required to protect sensitive content, including academic grades, etc.";
				"INFOPLIST_KEY_UIApplicationSceneManifest_Generation[sdk=iphoneos*]" = YES;
				"INFOPLIST_KEY_UIApplicationSceneManifest_Generation[sdk=iphonesimulator*]" = YES;
				"INFOPLIST_KEY_UIApplicationSupportsIndirectInputEvents[sdk=iphoneos*]" = YES;
				"INFOPLIST_KEY_UIApplicationSupportsIndirectInputEvents[sdk=iphonesimulator*]" = YES;
				"INFOPLIST_KEY_UILaunchScreen_Generation[sdk=iphoneos*]" = YES;
				"INFOPLIST_KEY_UILaunchScreen_Generation[sdk=iphonesimulator*]" = YES;
				"INFOPLIST_KEY_UIStatusBarStyle[sdk=iphoneos*]" = UIStatusBarStyleDefault;
				"INFOPLIST_KEY_UIStatusBarStyle[sdk=iphonesimulator*]" = UIStatusBarStyleDefault;
				INFOPLIST_KEY_UISupportedInterfaceOrientations_iPad = "UIInterfaceOrientationPortrait UIInterfaceOrientationPortraitUpsideDown UIInterfaceOrientationLandscapeLeft UIInterfaceOrientationLandscapeRight";
				INFOPLIST_KEY_UISupportedInterfaceOrientations_iPhone = "UIInterfaceOrientationPortrait UIInterfaceOrientationLandscapeLeft UIInterfaceOrientationLandscapeRight";
				IPHONEOS_DEPLOYMENT_TARGET = 17.0;
				LD_RUNPATH_SEARCH_PATHS = "@executable_path/Frameworks";
				"LD_RUNPATH_SEARCH_PATHS[sdk=macosx*]" = "@executable_path/../Frameworks";
				MACOSX_DEPLOYMENT_TARGET = 14.0;
				MARKETING_VERSION = 1.1.0;
				PRODUCT_BUNDLE_IDENTIFIER = dev.wrye.Outspire;
				PRODUCT_NAME = "$(TARGET_NAME)";
				REGISTER_APP_GROUPS = YES;
				RUNTIME_EXCEPTION_ALLOW_DYLD_ENVIRONMENT_VARIABLES = NO;
				RUNTIME_EXCEPTION_ALLOW_JIT = NO;
				RUNTIME_EXCEPTION_ALLOW_UNSIGNED_EXECUTABLE_MEMORY = NO;
				RUNTIME_EXCEPTION_DEBUGGING_TOOL = NO;
				RUNTIME_EXCEPTION_DISABLE_EXECUTABLE_PAGE_PROTECTION = NO;
				RUNTIME_EXCEPTION_DISABLE_LIBRARY_VALIDATION = NO;
				SDKROOT = auto;
				SUPPORTED_PLATFORMS = "iphoneos iphonesimulator";
				SUPPORTS_MACCATALYST = YES;
				SUPPORTS_MAC_DESIGNED_FOR_IPHONE_IPAD = NO;
				SUPPORTS_XR_DESIGNED_FOR_IPHONE_IPAD = YES;
				SWIFT_EMIT_LOC_STRINGS = YES;
				SWIFT_VERSION = 5.0;
				TARGETED_DEVICE_FAMILY = "1,2,6";
				XROS_DEPLOYMENT_TARGET = 2.2;
			};
			name = Release;
		};
		6ED03A792D84647400C81CF9 /* Debug */ = {
			isa = XCBuildConfiguration;
			buildSettings = {
				BUNDLE_LOADER = "$(TEST_HOST)";
				CODE_SIGN_STYLE = Automatic;
				CURRENT_PROJECT_VERSION = 70;
				DEAD_CODE_STRIPPING = YES;
				DEVELOPMENT_TEAM = SEWGNELGY8;
				GENERATE_INFOPLIST_FILE = YES;
				IPHONEOS_DEPLOYMENT_TARGET = 18.2;
				MACOSX_DEPLOYMENT_TARGET = 15.2;
				MARKETING_VERSION = 1.0.0;
				PRODUCT_BUNDLE_IDENTIFIER = dev.wrye.OutspireTests;
				PRODUCT_NAME = "$(TARGET_NAME)";
				SDKROOT = auto;
				SUPPORTED_PLATFORMS = "iphoneos iphonesimulator";
				SUPPORTS_MACCATALYST = YES;
				SWIFT_EMIT_LOC_STRINGS = NO;
				SWIFT_VERSION = 5.0;
				TARGETED_DEVICE_FAMILY = "1,2";
				TEST_HOST = "$(BUILT_PRODUCTS_DIR)/Outspire.app/$(BUNDLE_EXECUTABLE_FOLDER_PATH)/Outspire";
				XROS_DEPLOYMENT_TARGET = 2.2;
			};
			name = Debug;
		};
		6ED03A7A2D84647400C81CF9 /* Release */ = {
			isa = XCBuildConfiguration;
			buildSettings = {
				BUNDLE_LOADER = "$(TEST_HOST)";
				CODE_SIGN_STYLE = Automatic;
				CURRENT_PROJECT_VERSION = 70;
				DEAD_CODE_STRIPPING = YES;
				DEVELOPMENT_TEAM = SEWGNELGY8;
				GENERATE_INFOPLIST_FILE = YES;
				IPHONEOS_DEPLOYMENT_TARGET = 18.2;
				MACOSX_DEPLOYMENT_TARGET = 15.2;
				MARKETING_VERSION = 1.0.0;
				PRODUCT_BUNDLE_IDENTIFIER = dev.wrye.OutspireTests;
				PRODUCT_NAME = "$(TARGET_NAME)";
				SDKROOT = auto;
				SUPPORTED_PLATFORMS = "iphoneos iphonesimulator";
				SUPPORTS_MACCATALYST = YES;
				SWIFT_EMIT_LOC_STRINGS = NO;
				SWIFT_VERSION = 5.0;
				TARGETED_DEVICE_FAMILY = "1,2";
				TEST_HOST = "$(BUILT_PRODUCTS_DIR)/Outspire.app/$(BUNDLE_EXECUTABLE_FOLDER_PATH)/Outspire";
				XROS_DEPLOYMENT_TARGET = 2.2;
			};
			name = Release;
		};
		6ED03A7C2D84647400C81CF9 /* Debug */ = {
			isa = XCBuildConfiguration;
			buildSettings = {
				CODE_SIGN_STYLE = Automatic;
				CURRENT_PROJECT_VERSION = 70;
				DEAD_CODE_STRIPPING = YES;
				DEVELOPMENT_TEAM = SEWGNELGY8;
				GENERATE_INFOPLIST_FILE = YES;
				IPHONEOS_DEPLOYMENT_TARGET = 18.2;
				MACOSX_DEPLOYMENT_TARGET = 15.2;
				MARKETING_VERSION = 1.0.0;
				PRODUCT_BUNDLE_IDENTIFIER = dev.wrye.OutspireUITests;
				PRODUCT_NAME = "$(TARGET_NAME)";
				SDKROOT = auto;
				SUPPORTED_PLATFORMS = "iphoneos iphonesimulator";
				SUPPORTS_MACCATALYST = YES;
				SWIFT_EMIT_LOC_STRINGS = NO;
				SWIFT_VERSION = 5.0;
				TARGETED_DEVICE_FAMILY = "1,2";
				TEST_TARGET_NAME = Outspire;
				XROS_DEPLOYMENT_TARGET = 2.2;
			};
			name = Debug;
		};
		6ED03A7D2D84647400C81CF9 /* Release */ = {
			isa = XCBuildConfiguration;
			buildSettings = {
				CODE_SIGN_STYLE = Automatic;
				CURRENT_PROJECT_VERSION = 70;
				DEAD_CODE_STRIPPING = YES;
				DEVELOPMENT_TEAM = SEWGNELGY8;
				GENERATE_INFOPLIST_FILE = YES;
				IPHONEOS_DEPLOYMENT_TARGET = 18.2;
				MACOSX_DEPLOYMENT_TARGET = 15.2;
				MARKETING_VERSION = 1.0.0;
				PRODUCT_BUNDLE_IDENTIFIER = dev.wrye.OutspireUITests;
				PRODUCT_NAME = "$(TARGET_NAME)";
				SDKROOT = auto;
				SUPPORTED_PLATFORMS = "iphoneos iphonesimulator";
				SUPPORTS_MACCATALYST = YES;
				SWIFT_EMIT_LOC_STRINGS = NO;
				SWIFT_VERSION = 5.0;
				TARGETED_DEVICE_FAMILY = "1,2";
				TEST_TARGET_NAME = Outspire;
				XROS_DEPLOYMENT_TARGET = 2.2;
			};
			name = Release;
		};
		6EF1D59E2F8B9536003A053C /* Debug */ = {
			isa = XCBuildConfiguration;
			buildSettings = {
				ASSETCATALOG_COMPILER_GLOBAL_ACCENT_COLOR_NAME = AccentColor;
				ASSETCATALOG_COMPILER_WIDGET_BACKGROUND_COLOR_NAME = WidgetBackground;
				CODE_SIGN_ENTITLEMENTS = OutspireWidget/OutspireWidgetExtension.entitlements;
				CODE_SIGN_STYLE = Automatic;
				CURRENT_PROJECT_VERSION = 70;
				DEVELOPMENT_TEAM = SEWGNELGY8;
				GENERATE_INFOPLIST_FILE = YES;
				INFOPLIST_FILE = OutspireWidget/Info.plist;
				INFOPLIST_KEY_CFBundleDisplayName = OutspireWidget;
				INFOPLIST_KEY_NSHumanReadableCopyright = "";
				IPHONEOS_DEPLOYMENT_TARGET = 17.0;
				LD_RUNPATH_SEARCH_PATHS = (
					"$(inherited)",
					"@executable_path/Frameworks",
					"@executable_path/../../Frameworks",
				);
				MARKETING_VERSION = 1.1.0;
				PRODUCT_BUNDLE_IDENTIFIER = dev.wrye.Outspire.OutspireWidget;
				PRODUCT_NAME = "$(TARGET_NAME)";
				SDKROOT = iphoneos;
				SKIP_INSTALL = YES;
				STRING_CATALOG_GENERATE_SYMBOLS = YES;
				SWIFT_APPROACHABLE_CONCURRENCY = YES;
				SWIFT_EMIT_LOC_STRINGS = YES;
				SWIFT_UPCOMING_FEATURE_MEMBER_IMPORT_VISIBILITY = YES;
				SWIFT_VERSION = 5.0;
				TARGETED_DEVICE_FAMILY = "1,2";
			};
			name = Debug;
		};
		6EF1D59F2F8B9536003A053C /* Release */ = {
			isa = XCBuildConfiguration;
			buildSettings = {
				ASSETCATALOG_COMPILER_GLOBAL_ACCENT_COLOR_NAME = AccentColor;
				ASSETCATALOG_COMPILER_WIDGET_BACKGROUND_COLOR_NAME = WidgetBackground;
				CODE_SIGN_ENTITLEMENTS = OutspireWidget/OutspireWidgetExtension.entitlements;
				CODE_SIGN_STYLE = Automatic;
				CURRENT_PROJECT_VERSION = 70;
				DEVELOPMENT_TEAM = SEWGNELGY8;
				GENERATE_INFOPLIST_FILE = YES;
				INFOPLIST_FILE = OutspireWidget/Info.plist;
				INFOPLIST_KEY_CFBundleDisplayName = OutspireWidget;
				INFOPLIST_KEY_NSHumanReadableCopyright = "";
				IPHONEOS_DEPLOYMENT_TARGET = 17.0;
				LD_RUNPATH_SEARCH_PATHS = (
					"$(inherited)",
					"@executable_path/Frameworks",
					"@executable_path/../../Frameworks",
				);
				MARKETING_VERSION = 1.1.0;
				PRODUCT_BUNDLE_IDENTIFIER = dev.wrye.Outspire.OutspireWidget;
				PRODUCT_NAME = "$(TARGET_NAME)";
				SDKROOT = iphoneos;
				SKIP_INSTALL = YES;
				STRING_CATALOG_GENERATE_SYMBOLS = YES;
				SWIFT_APPROACHABLE_CONCURRENCY = YES;
				SWIFT_EMIT_LOC_STRINGS = YES;
				SWIFT_UPCOMING_FEATURE_MEMBER_IMPORT_VISIBILITY = YES;
				SWIFT_VERSION = 5.0;
				TARGETED_DEVICE_FAMILY = "1,2";
				VALIDATE_PRODUCT = YES;
			};
			name = Release;
		};
/* End XCBuildConfiguration section */

/* Begin XCConfigurationList section */
		6ED03A4B2D84647300C81CF9 /* Build configuration list for PBXProject "Outspire" */ = {
			isa = XCConfigurationList;
			buildConfigurations = (
				6ED03A732D84647400C81CF9 /* Debug */,
				6ED03A742D84647400C81CF9 /* Release */,
			);
			defaultConfigurationIsVisible = 0;
			defaultConfigurationName = Release;
		};
		6ED03A752D84647400C81CF9 /* Build configuration list for PBXNativeTarget "Outspire" */ = {
			isa = XCConfigurationList;
			buildConfigurations = (
				6ED03A762D84647400C81CF9 /* Debug */,
				6ED03A772D84647400C81CF9 /* Release */,
			);
			defaultConfigurationIsVisible = 0;
			defaultConfigurationName = Release;
		};
		6ED03A782D84647400C81CF9 /* Build configuration list for PBXNativeTarget "OutspireTests" */ = {
			isa = XCConfigurationList;
			buildConfigurations = (
				6ED03A792D84647400C81CF9 /* Debug */,
				6ED03A7A2D84647400C81CF9 /* Release */,
			);
			defaultConfigurationIsVisible = 0;
			defaultConfigurationName = Release;
		};
		6ED03A7B2D84647400C81CF9 /* Build configuration list for PBXNativeTarget "OutspireUITests" */ = {
			isa = XCConfigurationList;
			buildConfigurations = (
				6ED03A7C2D84647400C81CF9 /* Debug */,
				6ED03A7D2D84647400C81CF9 /* Release */,
			);
			defaultConfigurationIsVisible = 0;
			defaultConfigurationName = Release;
		};
		6EF1D5A02F8B9536003A053C /* Build configuration list for PBXNativeTarget "OutspireWidgetExtension" */ = {
			isa = XCConfigurationList;
			buildConfigurations = (
				6EF1D59E2F8B9536003A053C /* Debug */,
				6EF1D59F2F8B9536003A053C /* Release */,
			);
			defaultConfigurationIsVisible = 0;
			defaultConfigurationName = Release;
		};
/* End XCConfigurationList section */

/* Begin XCRemoteSwiftPackageReference section */
		6E3C2DC32D92D7E300C2EEF3 /* XCRemoteSwiftPackageReference "ColorfulX" */ = {
			isa = XCRemoteSwiftPackageReference;
			repositoryURL = "https://github.com/Lakr233/ColorfulX.git";
			requirement = {
				kind = upToNextMajorVersion;
				minimumVersion = 5.6.4;
			};
		};
		6E587DB72DC3F62B00394872 /* XCRemoteSwiftPackageReference "SwiftOpenAI" */ = {
			isa = XCRemoteSwiftPackageReference;
			repositoryURL = "https://github.com/jamesrochabrun/SwiftOpenAI.git";
			requirement = {
				branch = main;
				kind = branch;
			};
		};
		6ED03BFD2D84675400C81CF9 /* XCRemoteSwiftPackageReference "swiftui-toasts" */ = {
			isa = XCRemoteSwiftPackageReference;
			repositoryURL = "https://github.com/sunghyun-k/swiftui-toasts";
			requirement = {
				kind = upToNextMajorVersion;
				minimumVersion = 0.2.0;
			};
		};
		6ED03C002D8467B000C81CF9 /* XCRemoteSwiftPackageReference "SwiftSoup" */ = {
			isa = XCRemoteSwiftPackageReference;
			repositoryURL = "https://github.com/scinfu/SwiftSoup.git";
			requirement = {
				kind = upToNextMajorVersion;
				minimumVersion = 2.8.7;
			};
		};
/* End XCRemoteSwiftPackageReference section */

/* Begin XCSwiftPackageProductDependency section */
		6E3C2DC42D92D7E300C2EEF3 /* ColorfulX */ = {
			isa = XCSwiftPackageProductDependency;
			package = 6E3C2DC32D92D7E300C2EEF3 /* XCRemoteSwiftPackageReference "ColorfulX" */;
			productName = ColorfulX;
		};
		6E587DB82DC3F62B00394872 /* SwiftOpenAI */ = {
			isa = XCSwiftPackageProductDependency;
			package = 6E587DB72DC3F62B00394872 /* XCRemoteSwiftPackageReference "SwiftOpenAI" */;
			productName = SwiftOpenAI;
		};
		6ED03BFE2D84675400C81CF9 /* Toasts */ = {
			isa = XCSwiftPackageProductDependency;
			package = 6ED03BFD2D84675400C81CF9 /* XCRemoteSwiftPackageReference "swiftui-toasts" */;
			productName = Toasts;
		};
		6ED03C012D8467B000C81CF9 /* SwiftSoup */ = {
			isa = XCSwiftPackageProductDependency;
			package = 6ED03C002D8467B000C81CF9 /* XCRemoteSwiftPackageReference "SwiftSoup" */;
			productName = SwiftSoup;
		};
/* End XCSwiftPackageProductDependency section */
	};
	rootObject = 6ED03A482D84647300C81CF9 /* Project object */;
}
